// !$*UTF8*$!
{
	archiveVersion = 1;
	classes = {
	};
	objectVersion = 77;
	objects = {

/* Begin PBXBuildFile section */
		04CFAFC65B5C224FEA6C8224 /* TextInjector.swift in Sources */ = {isa = PBXBuildFile; fileRef = FFA81CFD532970BBA8C67624 /* TextInjector.swift */; };
		15ECA2AA42BF06DF728EE653 /* WhisperNotchApp.swift in Sources */ = {isa = PBXBuildFile; fileRef = 0180D91A07D3E172CBB6E343 /* WhisperNotchApp.swift */; };
		1FE98F9BB77212BFBD3D09AC /* WhisperKit in Frameworks */ = {isa = PBXBuildFile; productRef = 792E8062DFBECAAC7D568BED /* WhisperKit */; };
		3FF23D9BE044C9D650F3031E /* AudioEngine.swift in Sources */ = {isa = PBXBuildFile; fileRef = A55B133A10EF313636252DC8 /* AudioEngine.swift */; };
		96D51B7A301144BC60B17870 /* AppDelegate.swift in Sources */ = {isa = PBXBuildFile; fileRef = 6E8148074C72A919E0D6AFB8 /* AppDelegate.swift */; };
		9EAAB0677EA6CADE710B8943 /* NotchState.swift in Sources */ = {isa = PBXBuildFile; fileRef = 15FC0E82BE82FE2DE055B8AB /* NotchState.swift */; };
		A704634DF7C2B292A358913F /* NotchPanel.swift in Sources */ = {isa = PBXBuildFile; fileRef = 6C663995263BB3E093D760EE /* NotchPanel.swift */; };
		BAC01D77AD5CADB31B4784F6 /* HotkeyManager.swift in Sources */ = {isa = PBXBuildFile; fileRef = 7C67F14882CE71CA1C75F25F /* HotkeyManager.swift */; };
		E33426AD35BAB0E05BFB0B0D /* NotchContentView.swift in Sources */ = {isa = PBXBuildFile; fileRef = 9DA3A7CEED0E6884FF4B644A /* NotchContentView.swift */; };
		FD78DCF4DA456F65AC523272 /* SettingsView.swift in Sources */ = {isa = PBXBuildFile; fileRef = 0111D6B540070B016AF6368E /* SettingsView.swift */; };
		FFCBD511B3E6E99FFE545CFF /* WhisperService.swift in Sources */ = {isa = PBXBuildFile; fileRef = DA663E42CC225B9C3989B608 /* WhisperService.swift */; };
/* End PBXBuildFile section */

/* Begin PBXFileReference section */
		0111D6B540070B016AF6368E /* SettingsView.swift */ = {isa = PBXFileReference; lastKnownFileType = sourcecode.swift; path = SettingsView.swift; sourceTree = "<group>"; };
		0180D91A07D3E172CBB6E343 /* WhisperNotchApp.swift */ = {isa = PBXFileReference; lastKnownFileType = sourcecode.swift; path = WhisperNotchApp.swift; sourceTree = "<group>"; };
		15FC0E82BE82FE2DE055B8AB /* NotchState.swift */ = {isa = PBXFileReference; lastKnownFileType = sourcecode.swift; path = NotchState.swift; sourceTree = "<group>"; };
		6C663995263BB3E093D760EE /* NotchPanel.swift */ = {isa = PBXFileReference; lastKnownFileType = sourcecode.swift; path = NotchPanel.swift; sourceTree = "<group>"; };
		6E8148074C72A919E0D6AFB8 /* AppDelegate.swift */ = {isa = PBXFileReference; lastKnownFileType = sourcecode.swift; path = AppDelegate.swift; sourceTree = "<group>"; };
		7C67F14882CE71CA1C75F25F /* HotkeyManager.swift */ = {isa = PBXFileReference; lastKnownFileType = sourcecode.swift; path = HotkeyManager.swift; sourceTree = "<group>"; };
		9DA3A7CEED0E6884FF4B644A /* NotchContentView.swift */ = {isa = PBXFileReference; lastKnownFileType = sourcecode.swift; path = NotchContentView.swift; sourceTree = "<group>"; };
		A16A4BD0F7619018F043703E /* WhisperNotch.app */ = {isa = PBXFileReference; explicitFileType = wrapper.application; includeInIndex = 0; path = WhisperNotch.app; sourceTree = BUILT_PRODUCTS_DIR; };
		A55B133A10EF313636252DC8 /* AudioEngine.swift */ = {isa = PBXFileReference; lastKnownFileType = sourcecode.swift; path = AudioEngine.swift; sourceTree = "<group>"; };
		DA663E42CC225B9C3989B608 /* WhisperService.swift */ = {isa = PBXFileReference; lastKnownFileType = sourcecode.swift; path = WhisperService.swift; sourceTree = "<group>"; };
		FFA81CFD532970BBA8C67624 /* TextInjector.swift */ = {isa = PBXFileReference; lastKnownFileType = sourcecode.swift; path = TextInjector.swift; sourceTree = "<group>"; };
/* End PBXFileReference section */

/* Begin PBXFrameworksBuildPhase section */
		C165A662194C36756EF35A29 /* Frameworks */ = {
			isa = PBXFrameworksBuildPhase;
			buildActionMask = 2147483647;
			files = (
				1FE98F9BB77212BFBD3D09AC /* WhisperKit in Frameworks */,
			);
			runOnlyForDeploymentPostprocessing = 0;
		};
/* End PBXFrameworksBuildPhase section */

/* Begin PBXGroup section */
		361C3D6EA9BC0BA8A6A1B541 /* Views */ = {
			isa = PBXGroup;
			children = (
				9DA3A7CEED0E6884FF4B644A /* NotchContentView.swift */,
				6C663995263BB3E093D760EE /* NotchPanel.swift */,
				0111D6B540070B016AF6368E /* SettingsView.swift */,
			);
			path = Views;
			sourceTree = "<group>";
		};
		4A72620339220B9EF28AE4BB /* Products */ = {
			isa = PBXGroup;
			children = (
				A16A4BD0F7619018F043703E /* WhisperNotch.app */,
			);
			name = Products;
			sourceTree = "<group>";
		};
		68C6C982009281414574C9A0 /* Sources */ = {
			isa = PBXGroup;
			children = (
				6D218C002B0219C15B8F44F9 /* App */,
				79B56698524DFE8BEF6DAF6B /* Models */,
				B885F0BA9101B8D7E61582BD /* Resources */,
				9ECA35CFF5F26FBC632E84FF /* Services */,
				361C3D6EA9BC0BA8A6A1B541 /* Views */,
			);
			name = Sources;
			path = WhisperNotch/Sources;
			sourceTree = "<group>";
		};
		6D218C002B0219C15B8F44F9 /* App */ = {
			isa = PBXGroup;
			children = (
				6E8148074C72A919E0D6AFB8 /* AppDelegate.swift */,
				0180D91A07D3E172CBB6E343 /* WhisperNotchApp.swift */,
			);
			path = App;
			sourceTree = "<group>";
		};
		79B56698524DFE8BEF6DAF6B /* Models */ = {
			isa = PBXGroup;
			children = (
				15FC0E82BE82FE2DE055B8AB /* NotchState.swift */,
			);
			path = Models;
			sourceTree = "<group>";
		};
		9ECA35CFF5F26FBC632E84FF /* Services */ = {
			isa = PBXGroup;
			children = (
				A55B133A10EF313636252DC8 /* AudioEngine.swift */,
				7C67F14882CE71CA1C75F25F /* HotkeyManager.swift */,
				FFA81CFD532970BBA8C67624 /* TextInjector.swift */,
				DA663E42CC225B9C3989B608 /* WhisperService.swift */,
			);
			path = Services;
			sourceTree = "<group>";
		};
		B885F0BA9101B8D7E61582BD /* Resources */ = {
			isa = PBXGroup;
			children = (
			);
			path = Resources;
			sourceTree = "<group>";
		};
		FD78631FD542A1D76417BFD5 = {
			isa = PBXGroup;
			children = (
				68C6C982009281414574C9A0 /* Sources */,
				4A72620339220B9EF28AE4BB /* Products */,
			);
			sourceTree = "<group>";
		};
/* End PBXGroup section */

/* Begin PBXNativeTarget section */
		A8787A8602B79FF01D5FE0A0 /* WhisperNotch */ = {
			isa = PBXNativeTarget;
			buildConfigurationList = 2497F62BD72C0BA7870222F6 /* Build configuration list for PBXNativeTarget "WhisperNotch" */;
			buildPhases = (
				75A20CE55660256D40345FE8 /* Sources */,
				C165A662194C36756EF35A29 /* Frameworks */,
			);
			buildRules = (
			);
			dependencies = (
			);
			name = WhisperNotch;
			packageProductDependencies = (
				792E8062DFBECAAC7D568BED /* WhisperKit */,
			);
			productName = WhisperNotch;
			productReference = A16A4BD0F7619018F043703E /* WhisperNotch.app */;
			productType = "com.apple.product-type.application";
		};
/* End PBXNativeTarget section */

/* Begin PBXProject section */
		F2A7300DB52AE6C01B71B79C /* Project object */ = {
			isa = PBXProject;
			attributes = {
				BuildIndependentTargetsInParallel = YES;
				LastUpgradeCheck = 1500;
			};
			buildConfigurationList = 98192A9D0592EFC42E9537E0 /* Build configuration list for PBXProject "WhisperNotch" */;
			compatibilityVersion = "Xcode 14.0";
			developmentRegion = en;
			hasScannedForEncodings = 0;
			knownRegions = (
				Base,
				en,
			);
			mainGroup = FD78631FD542A1D76417BFD5;
			minimizedProjectReferenceProxies = 1;
			packageReferences = (
				017F2257A9659EA72FC776BD /* XCRemoteSwiftPackageReference "WhisperKit" */,
			);
			preferredProjectObjectVersion = 77;
			projectDirPath = "";
			projectRoot = "";
			targets = (
				A8787A8602B79FF01D5FE0A0 /* WhisperNotch */,
			);
		};
/* End PBXProject section */

/* Begin PBXSourcesBuildPhase section */
		75A20CE55660256D40345FE8 /* Sources */ = {
			isa = PBXSourcesBuildPhase;
			buildActionMask = 2147483647;
			files = (
				96D51B7A301144BC60B17870 /* AppDelegate.swift in Sources */,
				3FF23D9BE044C9D650F3031E /* AudioEngine.swift in Sources */,
				BAC01D77AD5CADB31B4784F6 /* HotkeyManager.swift in Sources */,
				E33426AD35BAB0E05BFB0B0D /* NotchContentView.swift in Sources */,
				A704634DF7C2B292A358913F /* NotchPanel.swift in Sources */,
				9EAAB0677EA6CADE710B8943 /* NotchState.swift in Sources */,
				FD78DCF4DA456F65AC523272 /* SettingsView.swift in Sources */,
				04CFAFC65B5C224FEA6C8224 /* TextInjector.swift in Sources */,
				15ECA2AA42BF06DF728EE653 /* WhisperNotchApp.swift in Sources */,
				FFCBD511B3E6E99FFE545CFF /* WhisperService.swift in Sources */,
			);
			runOnlyForDeploymentPostprocessing = 0;
		};
/* End PBXSourcesBuildPhase section */

/* Begin XCBuildConfiguration section */
		05858F729B7B3DCC8F5BE32C /* Debug */ = {
			isa = XCBuildConfiguration;
			buildSettings = {
				ASSETCATALOG_COMPILER_APPICON_NAME = AppIcon;
				CODE_SIGN_ENTITLEMENTS = WhisperNotch/WhisperNotch.entitlements;
				CODE_SIGN_IDENTITY = "-";
				COMBINE_HIDPI_IMAGES = YES;
				ENABLE_HARDENED_RUNTIME = YES;
				GCC_OPTIMIZATION_LEVEL = 0;
				INFOPLIST_FILE = WhisperNotch/Info.plist;
				INFOPLIST_KEY_LSUIElement = YES;
				INFOPLIST_KEY_NSAccessibilityUsageDescription = "WhisperNotch needs accessibility access to detect hotkeys and inject text into other applications";
				INFOPLIST_KEY_NSMicrophoneUsageDescription = "WhisperNotch needs access to the microphone for speech-to-text functionality";
				LD_RUNPATH_SEARCH_PATHS = (
					"$(inherited)",
					"@executable_path/../Frameworks",
				);
				MACOSX_DEPLOYMENT_TARGET = 14.0;
				OTHER_LDFLAGS = (
					"-framework",
					AVFoundation,
					"-framework",
					Accelerate,
					"-framework",
					Carbon,
				);
				PRODUCT_BUNDLE_IDENTIFIER = com.whispernotch.app;
				SDKROOT = macosx;
				SWIFT_OPTIMIZATION_LEVEL = "-Onone";
				SWIFT_VERSION = 5.9;
			};
			name = Debug;
		};
		17972BF5F6B823428D82CA4D /* Release */ = {
			isa = XCBuildConfiguration;
			buildSettings = {
				ASSETCATALOG_COMPILER_APPICON_NAME = AppIcon;
				CODE_SIGN_ENTITLEMENTS = WhisperNotch/WhisperNotch.entitlements;
				CODE_SIGN_IDENTITY = "-";
				COMBINE_HIDPI_IMAGES = YES;
				ENABLE_HARDENED_RUNTIME = YES;
				GCC_OPTIMIZATION_LEVEL = s;
				INFOPLIST_FILE = WhisperNotch/Info.plist;
				INFOPLIST_KEY_LSUIElement = YES;
				INFOPLIST_KEY_NSAccessibilityUsageDescription = "WhisperNotch needs accessibility access to detect hotkeys and inject text into other applications";
				INFOPLIST_KEY_NSMicrophoneUsageDescription = "WhisperNotch needs access to the microphone for speech-to-text functionality";
				LD_RUNPATH_SEARCH_PATHS = (
					"$(inherited)",
					"@executable_path/../Frameworks",
				);
				MACOSX_DEPLOYMENT_TARGET = 14.0;
				OTHER_LDFLAGS = (
					"-framework",
					AVFoundation,
					"-framework",
					Accelerate,
					"-framework",
					Carbon,
				);
				PRODUCT_BUNDLE_IDENTIFIER = com.whispernotch.app;
				SDKROOT = macosx;
				SWIFT_COMPILATION_MODE = wholemodule;
				SWIFT_OPTIMIZATION_LEVEL = "-O";
				SWIFT_VERSION = 5.9;
			};
			name = Release;
		};
		1D1CE93D7D78FA161DB6F893 /* Debug */ = {
			isa = XCBuildConfiguration;
			buildSettings = {
				ALWAYS_SEARCH_USER_PATHS = NO;
				CLANG_ANALYZER_NONNULL = YES;
				CLANG_ANALYZER_NUMBER_OBJECT_CONVERSION = YES_AGGRESSIVE;
				CLANG_CXX_LANGUAGE_STANDARD = "gnu++14";
				CLANG_CXX_LIBRARY = "libc++";
				CLANG_ENABLE_MODULES = YES;
				CLANG_ENABLE_OBJC_ARC = YES;
				CLANG_ENABLE_OBJC_WEAK = YES;
				CLANG_WARN_BLOCK_CAPTURE_AUTORELEASING = YES;
				CLANG_WARN_BOOL_CONVERSION = YES;
				CLANG_WARN_COMMA = YES;
				CLANG_WARN_CONSTANT_CONVERSION = YES;
				CLANG_WARN_DEPRECATED_OBJC_IMPLEMENTATIONS = YES;
				CLANG_WARN_DIRECT_OBJC_ISA_USAGE = YES_ERROR;
				CLANG_WARN_DOCUMENTATION_COMMENTS = YES;
				CLANG_WARN_EMPTY_BODY = YES;
				CLANG_WARN_ENUM_CONVERSION = YES;
				CLANG_WARN_INFINITE_RECURSION = YES;
				CLANG_WARN_INT_CONVERSION = YES;
				CLANG_WARN_NON_LITERAL_NULL_CONVERSION = YES;
				CLANG_WARN_OBJC_IMPLICIT_RETAIN_SELF = YES;
				CLANG_WARN_OBJC_LITERAL_CONVERSION = YES;
				CLANG_WARN_OBJC_ROOT_CLASS = YES_ERROR;
				CLANG_WARN_QUOTED_INCLUDE_IN_FRAMEWORK_HEADER = YES;
				CLANG_WARN_RANGE_LOOP_ANALYSIS = YES;
				CLANG_WARN_STRICT_PROTOTYPES = YES;
				CLANG_WARN_SUSPICIOUS_MOVE = YES;
				CLANG_WARN_UNGUARDED_AVAILABILITY = YES_AGGRESSIVE;
				CLANG_WARN_UNREACHABLE_CODE = YES;
				CLANG_WARN__DUPLICATE_METHOD_MATCH = YES;
				COPY_PHASE_STRIP = NO;
				DEBUG_INFORMATION_FORMAT = dwarf;
				ENABLE_STRICT_OBJC_MSGSEND = YES;
				ENABLE_TESTABILITY = YES;
				GCC_C_LANGUAGE_STANDARD = gnu11;
				GCC_DYNAMIC_NO_PIC = NO;
				GCC_NO_COMMON_BLOCKS = YES;
				GCC_OPTIMIZATION_LEVEL = 0;
				GCC_PREPROCESSOR_DEFINITIONS = (
					"$(inherited)",
					"DEBUG=1",
				);
				GCC_WARN_64_TO_32_BIT_CONVERSION = YES;
				GCC_WARN_ABOUT_RETURN_TYPE = YES_ERROR;
				GCC_WARN_UNDECLARED_SELECTOR = YES;
				GCC_WARN_UNINITIALIZED_AUTOS = YES_AGGRESSIVE;
				GCC_WARN_UNUSED_FUNCTION = YES;
				GCC_WARN_UNUSED_VARIABLE = YES;
				MACOSX_DEPLOYMENT_TARGET = 14.0;
				MTL_ENABLE_DEBUG_INFO = INCLUDE_SOURCE;
				MTL_FAST_MATH = YES;
				ONLY_ACTIVE_ARCH = YES;
				PRODUCT_NAME = "$(TARGET_NAME)";
				SDKROOT = macosx;
				SWIFT_ACTIVE_COMPILATION_CONDITIONS = DEBUG;
				SWIFT_OPTIMIZATION_LEVEL = "-Onone";
				SWIFT_VERSION = 5.0;
			};
			name = Debug;
		};
		245B98E89B9079515D587913 /* Release */ = {
			isa = XCBuildConfiguration;
			buildSettings = {
				ALWAYS_SEARCH_USER_PATHS = NO;
				CLANG_ANALYZER_NONNULL = YES;
				CLANG_ANALYZER_NUMBER_OBJECT_CONVERSION = YES_AGGRESSIVE;
				CLANG_CXX_LANGUAGE_STANDARD = "gnu++14";
				CLANG_CXX_LIBRARY = "libc++";
				CLANG_ENABLE_MODULES = YES;
				CLANG_ENABLE_OBJC_ARC = YES;
				CLANG_ENABLE_OBJC_WEAK = YES;
				CLANG_WARN_BLOCK_CAPTURE_AUTORELEASING = YES;
				CLANG_WARN_BOOL_CONVERSION = YES;
				CLANG_WARN_COMMA = YES;
				CLANG_WARN_CONSTANT_CONVERSION = YES;
				CLANG_WARN_DEPRECATED_OBJC_IMPLEMENTATIONS = YES;
				CLANG_WARN_DIRECT_OBJC_ISA_USAGE = YES_ERROR;
				CLANG_WARN_DOCUMENTATION_COMMENTS = YES;
				CLANG_WARN_EMPTY_BODY = YES;
				CLANG_WARN_ENUM_CONVERSION = YES;
				CLANG_WARN_INFINITE_RECURSION = YES;
				CLANG_WARN_INT_CONVERSION = YES;
				CLANG_WARN_NON_LITERAL_NULL_CONVERSION = YES;
				CLANG_WARN_OBJC_IMPLICIT_RETAIN_SELF = YES;
				CLANG_WARN_OBJC_LITERAL_CONVERSION = YES;
				CLANG_WARN_OBJC_ROOT_CLASS = YES_ERROR;
				CLANG_WARN_QUOTED_INCLUDE_IN_FRAMEWORK_HEADER = YES;
				CLANG_WARN_RANGE_LOOP_ANALYSIS = YES;
				CLANG_WARN_STRICT_PROTOTYPES = YES;
				CLANG_WARN_SUSPICIOUS_MOVE = YES;
				CLANG_WARN_UNGUARDED_AVAILABILITY = YES_AGGRESSIVE;
				CLANG_WARN_UNREACHABLE_CODE = YES;
				CLANG_WARN__DUPLICATE_METHOD_MATCH = YES;
				COPY_PHASE_STRIP = NO;
				DEBUG_INFORMATION_FORMAT = "dwarf-with-dsym";
				ENABLE_NS_ASSERTIONS = NO;
				ENABLE_STRICT_OBJC_MSGSEND = YES;
				GCC_C_LANGUAGE_STANDARD = gnu11;
				GCC_NO_COMMON_BLOCKS = YES;
				GCC_WARN_64_TO_32_BIT_CONVERSION = YES;
				GCC_WARN_ABOUT_RETURN_TYPE = YES_ERROR;
				GCC_WARN_UNDECLARED_SELECTOR = YES;
				GCC_WARN_UNINITIALIZED_AUTOS = YES_AGGRESSIVE;
				GCC_WARN_UNUSED_FUNCTION = YES;
				GCC_WARN_UNUSED_VARIABLE = YES;
				MACOSX_DEPLOYMENT_TARGET = 14.0;
				MTL_ENABLE_DEBUG_INFO = NO;
				MTL_FAST_MATH = YES;
				PRODUCT_NAME = "$(TARGET_NAME)";
				SDKROOT = macosx;
				SWIFT_COMPILATION_MODE = wholemodule;
				SWIFT_OPTIMIZATION_LEVEL = "-O";
				SWIFT_VERSION = 5.0;
			};
			name = Release;
		};
/* End XCBuildConfiguration section */

/* Begin XCConfigurationList section */
		2497F62BD72C0BA7870222F6 /* Build configuration list for PBXNativeTarget "WhisperNotch" */ = {
			isa = XCConfigurationList;
			buildConfigurations = (
				05858F729B7B3DCC8F5BE32C /* Debug */,
				17972BF5F6B823428D82CA4D /* Release */,
			);
			defaultConfigurationIsVisible = 0;
			defaultConfigurationName = Debug;
		};
		98192A9D0592EFC42E9537E0 /* Build configuration list for PBXProject "WhisperNotch" */ = {
			isa = XCConfigurationList;
			buildConfigurations = (
				1D1CE93D7D78FA161DB6F893 /* Debug */,
				245B98E89B9079515D587913 /* Release */,
			);
			defaultConfigurationIsVisible = 0;
			defaultConfigurationName = Debug;
		};
/* End XCConfigurationList section */

/* Begin XCRemoteSwiftPackageReference section */
		017F2257A9659EA72FC776BD /* XCRemoteSwiftPackageReference "WhisperKit" */ = {
			isa = XCRemoteSwiftPackageReference;
			repositoryURL = "https://github.com/argmaxinc/WhisperKit.git";
			requirement = {
				kind = upToNextMajorVersion;
				minimumVersion = 0.9.0;
			};
		};
/* End XCRemoteSwiftPackageReference section */

/* Begin XCSwiftPackageProductDependency section */
		792E8062DFBECAAC7D568BED /* WhisperKit */ = {
			isa = XCSwiftPackageProductDependency;
			package = 017F2257A9659EA72FC776BD /* XCRemoteSwiftPackageReference "WhisperKit" */;
			productName = WhisperKit;
		};
/* End XCSwiftPackageProductDependency section */
	};
	rootObject = F2A7300DB52AE6C01B71B79C /* Project object */;
}
